{
    "_meta": {
        "hash": {
            "sha256": "7ca2ce1c14eec2a7542613e3f502550e9facb550e09cd2430e2d73ac4fe2fa10"
        },
        "pipfile-spec": 6,
        "requires": {
            "python_version": "3"
        },
        "sources": [
            {
                "name": "pypi",
                "url": "https://pypi.org/simple",
                "verify_ssl": true
            }
        ]
    },
    "default": {
        "certifi": {
            "hashes": [
                "sha256:2bbf76fd432960138b3ef6dda3dde0544f27cbf8546c458e60baf371917ba9ee",
                "sha256:50b1e4f8446b06f41be7dd6338db18e0990601dce795c2b1686458aa7e8fa7d8"
            ],
            "version": "==2021.5.30"
        },
        "jplephem": {
            "hashes": [
                "sha256:e0017de1a45015b247faa8d15ebf35d2014abe949135f3703a3252adb96e43b1"
            ],
            "version": "==2.15"
        },
        "kosmorrolib": {
            "hashes": [
                "sha256:9a3059a8df2ec4ec83005be0cba3e4620cb005e37893a274f27e4739fa251091",
                "sha256:ec1d252fc9ec5ab387f0b49d94a5e4dcb4f99cfb8f0661330c1ae23f2f2b1144"
            ],
            "index": "pypi",
            "version": "==0.11.2"
        },
        "numpy": {
            "hashes": [
                "sha256:09932f5bf0abda5654eda225fd070915942f2c32d9bb6747bd45b66af7a0a9b1",
                "sha256:29036b6d56ad35f0637ac84af43f9469b39916ed06aa96729767639e3023ef72",
                "sha256:32f683dd175c364b8904bf26ce030a4ff7134aeff0046e3511cbaf855f65583c",
                "sha256:3c90b0bb77615bda5e007cfa4c53eb6097ecc82e247726e0eb138fcda769b45d",
                "sha256:435090a12dca2232cdbd58740afd5c9ede830037e1f6af60344e3afd49554fc8",
                "sha256:4b8e4c37aea928f0d8359ab24b14382de450180e618972d3b9df50848d084db1",
                "sha256:53e7147d04c75dcf05c3bb38357329d64d4908f403560a1fcb64f7972599c638",
                "sha256:5a711fbc9bbdb939d082bb856f9812eb3f98a82584ad73eaa924bed6b0695cab",
                "sha256:5b2752404f6ba22b99617c21dc6c2f15accf61642a5626d239649a96294d8ecb",
                "sha256:5d4c1b43c84cfe1923dbaed4ef18261a9f7b420983dc209af117c28f32637973",
                "sha256:74ce56338ff5de5d8b48314a1ec5ebbc2b1c0f9f9d6c00ce1815be0d3f9dcbb4",
                "sha256:7d98ade9199b15aa8f589b2263d6028364aecd7a9caf426e65ffc1ba921624a5",
                "sha256:82446d2defd917656c87158a02a7d7e7c03ce8bde9bb39ae5f5b369c5ef561d2",
                "sha256:8bb0a19f185e8d4fa60bb036cdc9fb4f34c6486e1d30034f6cacb882efa5252a",
                "sha256:93d0cb1b07511d1b108346975cd34cc1c32b7061fbb574ef4ce8fc8139cce417",
                "sha256:a0179c7130aa03f9e60cea9a0b0535b2c2b49f486bae724433cf6ac2abac832f",
                "sha256:a18d4368018f029ea73df53ef801234d2d354e95c32d7890b1102bd2da9857ba",
                "sha256:a59ce04c77711cab0334591650af628151aa515d11bde905198d4e898bb57315",
                "sha256:afebef861665eaa2e491894f2269d1941fbfbb8e5acf565a785107dcfc07613d",
                "sha256:b66b3cdad12d6074ddc46148cefc35c48b0437515c5bf8ce2acd913f486bc257",
                "sha256:bee549287cf2fcbf8f8e11b024e62f1a22af296cb1b015aa346d58a01cbfb603",
                "sha256:cb725aae7c31327e642b876e3195b7fe147bb8d14d85f749ac13ab87d9ab5fab",
                "sha256:ce5b195cbcced7c97429ca0323e2e3a19a503fc9ce0e1fea6c5be55e71214ebf",
                "sha256:cfb7b67500e6af81a793287ca41912590327051b58da9dc2c0ecb65d35db6ec9",
                "sha256:e2d6388fe28784301fb8293a14d05a5329a9747fa8e451cc189e5f2ee1f422dd",
                "sha256:f7a0ed76e49c4ab6c53aa43358aa1d943ea5f61cc71844eca1cad8f00794589e",
                "sha256:fd11aa1d58b7538076613722a2915d3c3f1c0cd24f674e3194be29729d744dba",
                "sha256:fec6300b8237aa1c561a8a5fec81ba1bcdf00b622f660897369798a8d57163c4"
            ],
            "markers": "python_version >= '3.7'",
            "version": "==1.21.0rc2"
        },
        "python-dateutil": {
            "hashes": [
                "sha256:73ebfe9dbf22e832286dafa60473e4cd239f8592f699aa5adaf10050e6e1823c",
                "sha256:75bb3f31ea686f1197762692a9ee6a7550b59fc6ca3a1f4b5d7e32fb98e2da2a"
            ],
            "index": "pypi",
            "version": "==2.8.1"
        },
        "sgp4": {
            "hashes": [
                "sha256:0e9d5764a60fa92a1f58fd5d5bc24f44a36e48e34723967951f6ca15330bc984",
                "sha256:11a1d84c940462127a651368aced98e25f8cddf3ee6f3fff086c88549e3afb50",
                "sha256:12bf193480bb734233b67c32dbead214a292cd451062eeb48cda5fe3a6b1bc44",
                "sha256:15aa5c2fc22fa8995e3ddaaae3da65283c8e6d7c3c2c784a0b2ed2cb60ba0efe",
                "sha256:16ed70a83dc5249b41d1dc2a5d129216fb8ccbda67ce4ea6d8aea47b1cae46cf",
                "sha256:2274a7a2b88905c0de12fcff0ffc51a24a8e2e936d4f02313f9c2816273ebbb9",
                "sha256:2a045b230f7b7afa095b2df434f3d84cf23235134a31e183c2a94ab6cf6bf644",
                "sha256:2f2f54948b04b6bd472926b7fcb64f07c535a85bd7395006e766528bd47dc077",
                "sha256:3755a35cefb6d9884223ebcab8453264f03d9cde5287a72d7109c9e832e13095",
                "sha256:50e89196e610022f9ff2766a3cb31aae3bb7c98e79db0bf3352376ff2e2e3ea8",
                "sha256:549ceaba69e8426a072d95498c60d81b5803c962ff78e35a7696ab1634d9b55d",
                "sha256:5774221bcf1cbb21bee9bbaede05d4696651e1050e050b6ca5fb46a3b7cda83a",
                "sha256:584f0b6acd53f523340af98b746c595befbb939426ddc6d604c2ea2b006822a5",
                "sha256:9166d85f34e26ae66e828ca6748dbfc28ef45cd2be6478e418ccf24e6cdbd333",
                "sha256:972322e6ef456ca15ae857339585612b27843ca3afc25cc8ee93ee97efce1e94",
                "sha256:981b6977ec0136eb733ffe0fb852ce34dd1994dbae01f53f7d9b8fba13b18e85",
                "sha256:a172ca0d65439ff9ca2824d6e4e12d9587b0226e3511204298b11cdbe280b72a",
                "sha256:ae35b79bb3837044e81af6ab6cfa74e2e0293d1a471d60c295fac6747c5b2ac9",
                "sha256:b2dcfcc2e41c229669caa101740bd7f37f8539b16a138f9683593e7de0dee3d6",
                "sha256:b68ffc1a08bc4b7270e0d34c40efd35010cc49a5c1cf0904097e17591ee4e922",
                "sha256:c9b7a85e3ce83908247ca6e5633d37543973562cbed2f076d667874f0c7396d9",
                "sha256:cfa86f71cc394ad6b555edaee9cccb16e48a253c99038a63124b86476645f491",
                "sha256:d4d95f789785319771782d06aa6fcdef0cf4fb749995b50c82156ea7a9713ed6",
                "sha256:de8f77ddc146a0b6bc6ccf7b0355990b3c0928fc1a16a63fd8121d410d717a42",
                "sha256:e64f985c99286467a2f84de8cc6e99832af6819eb52ad4e6106a4df5af7bc02d",
                "sha256:eab7a12baa13057db6456ce031d98a58ca62daa59b5988612ad70c33309f35c0",
                "sha256:f31ed36be5d8950f759b344a52d1ed6926cc1e93061cb2a9c4096ed34c74fa94",
                "sha256:ffad58b31bf1316829fa432f6f63fbdff80c1b2d9012926ae4e1f294a8772087"
            ],
            "version": "==2.19"
        },
        "six": {
            "hashes": [
                "sha256:1e61c37477a1626458e36f7b1d82aa5c9b094fa4802892072e49de9c60c4c926",
                "sha256:8abb2f1d86890a2dfb989f9a77cfcfd3e47c2a354b01111771326f8aa26e0254"
            ],
            "markers": "python_version >= '2.7' and python_version not in '3.0, 3.1, 3.2, 3.3'",
            "version": "==1.16.0"
        },
        "skyfield": {
            "hashes": [
                "sha256:5a8da9720b49981bc6fc60ab8d52ef42a8d46fe7161e34ef6dd1d496de9903e2"
            ],
            "version": "==1.39"
        },
        "tabulate": {
            "hashes": [
                "sha256:d7c013fe7abbc5e491394e10fa845f8f32fe54f8dc60c6622c6cf482d25d47e4",
                "sha256:eb1d13f25760052e8931f2ef80aaf6045a6cceb47514db8beab24cded16f13a7"
            ],
            "index": "pypi",
            "version": "==0.8.9"
        },
        "termcolor": {
            "hashes": [
                "sha256:1d6d69ce66211143803fbc56652b41d73b4a400a2891d7bf7a1cdf4c02de613b"
            ],
            "index": "pypi",
            "version": "==1.1.0"
        }
    },
    "develop": {
        "appdirs": {
            "hashes": [
                "sha256:7d5d0167b2b1ba821647616af46a749d1c653740dd0d2415100fe26e27afdf41",
                "sha256:a841dacd6b99318a741b166adb07e19ee71a274450e68237b4650ca1055ab128"
            ],
            "version": "==1.4.4"
        },
        "babel": {
            "hashes": [
                "sha256:ab49e12b91d937cd11f0b67cb259a57ab4ad2b59ac7a3b41d6c06c0ac5b0def9",
                "sha256:bc0c176f9f6a994582230df350aa6e05ba2ebe4b3ac317eab29d9be5d2768da0"
            ],
            "index": "pypi",
            "version": "==2.9.1"
        },
        "black": {
            "hashes": [
                "sha256:dc132348a88d103016726fe360cb9ede02cecf99b76e3660ce6c596be132ce04",
                "sha256:dfb8c5a069012b2ab1e972e7b908f5fb42b6bbabcba0a788b86dc05067c7d9c7"
            ],
            "index": "pypi",
            "version": "==21.6b0"
        },
        "click": {
            "hashes": [
                "sha256:8c04c11192119b1ef78ea049e0a6f0463e4c48ef00a30160c704337586f3ad7a",
                "sha256:fba402a4a47334742d782209a7c79bc448911afe1149d07bdabdf480b3e2f4b6"
            ],
            "markers": "python_version >= '3.6'",
            "version": "==8.0.1"
        },
        "mypy-extensions": {
            "hashes": [
                "sha256:090fedd75945a69ae91ce1303b5824f428daf5a028d2f6ab8a299250a846f15d",
                "sha256:2d82818f5bb3e369420cb3c4060a7970edba416647068eb4c5343488a6c604a8"
            ],
            "version": "==0.4.3"
        },
        "pathspec": {
            "hashes": [
                "sha256:86379d6b86d75816baba717e64b1a3a3469deb93bb76d613c9ce79edc5cb68fd",
                "sha256:aa0cb481c4041bf52ffa7b0d8fa6cd3e88a2ca4879c533c9153882ee2556790d"
            ],
            "version": "==0.8.1"
        },
        "pytz": {
            "hashes": [
                "sha256:83a4a90894bf38e243cf052c8b58f381bfe9a7a483f6a9cab140bc7f702ac4da",
                "sha256:eb10ce3e7736052ed3623d49975ce333bcd712c7bb19a58b9e2089d4057d0798"
            ],
            "version": "==2021.1"
        },
        "regex": {
            "hashes": [
                "sha256:01afaf2ec48e196ba91b37451aa353cb7eda77efe518e481707e0515025f0cd5",
                "sha256:11d773d75fa650cd36f68d7ca936e3c7afaae41b863b8c387a22aaa78d3c5c79",
                "sha256:18c071c3eb09c30a264879f0d310d37fe5d3a3111662438889ae2eb6fc570c31",
                "sha256:1e1c20e29358165242928c2de1482fb2cf4ea54a6a6dea2bd7a0e0d8ee321500",
                "sha256:281d2fd05555079448537fe108d79eb031b403dac622621c78944c235f3fcf11",
                "sha256:314d66636c494ed9c148a42731b3834496cc9a2c4251b1661e40936814542b14",
                "sha256:32e65442138b7b76dd8173ffa2cf67356b7bc1768851dded39a7a13bf9223da3",
                "sha256:339456e7d8c06dd36a22e451d58ef72cef293112b559010db3d054d5560ef439",
                "sha256:3916d08be28a1149fb97f7728fca1f7c15d309a9f9682d89d79db75d5e52091c",
                "sha256:3a9cd17e6e5c7eb328517969e0cb0c3d31fd329298dd0c04af99ebf42e904f82",
                "sha256:47bf5bf60cf04d72bf6055ae5927a0bd9016096bf3d742fa50d9bf9f45aa0711",
                "sha256:4c46e22a0933dd783467cf32b3516299fb98cfebd895817d685130cc50cd1093",
                "sha256:4c557a7b470908b1712fe27fb1ef20772b78079808c87d20a90d051660b1d69a",
                "sha256:52ba3d3f9b942c49d7e4bc105bb28551c44065f139a65062ab7912bef10c9afb",
                "sha256:563085e55b0d4fb8f746f6a335893bda5c2cef43b2f0258fe1020ab1dd874df8",
                "sha256:598585c9f0af8374c28edd609eb291b5726d7cbce16be6a8b95aa074d252ee17",
                "sha256:619d71c59a78b84d7f18891fe914446d07edd48dc8328c8e149cbe0929b4e000",
                "sha256:67bdb9702427ceddc6ef3dc382455e90f785af4c13d495f9626861763ee13f9d",
                "sha256:6d1b01031dedf2503631d0903cb563743f397ccaf6607a5e3b19a3d76fc10480",
                "sha256:741a9647fcf2e45f3a1cf0e24f5e17febf3efe8d4ba1281dcc3aa0459ef424dc",
                "sha256:7c2a1af393fcc09e898beba5dd59196edaa3116191cc7257f9224beaed3e1aa0",
                "sha256:7d9884d86dd4dd489e981d94a65cd30d6f07203d90e98f6f657f05170f6324c9",
                "sha256:90f11ff637fe8798933fb29f5ae1148c978cccb0452005bf4c69e13db951e765",
                "sha256:919859aa909429fb5aa9cf8807f6045592c85ef56fdd30a9a3747e513db2536e",
                "sha256:96fcd1888ab4d03adfc9303a7b3c0bd78c5412b2bfbe76db5b56d9eae004907a",
                "sha256:97f29f57d5b84e73fbaf99ab3e26134e6687348e95ef6b48cfd2c06807005a07",
                "sha256:980d7be47c84979d9136328d882f67ec5e50008681d94ecc8afa8a65ed1f4a6f",
                "sha256:a91aa8619b23b79bcbeb37abe286f2f408d2f2d6f29a17237afda55bb54e7aac",
                "sha256:ade17eb5d643b7fead300a1641e9f45401c98eee23763e9ed66a43f92f20b4a7",
                "sha256:b9c3db21af35e3b3c05764461b262d6f05bbca08a71a7849fd79d47ba7bc33ed",
                "sha256:bd28bc2e3a772acbb07787c6308e00d9626ff89e3bfcdebe87fa5afbfdedf968",
                "sha256:bf5824bfac591ddb2c1f0a5f4ab72da28994548c708d2191e3b87dd207eb3ad7",
                "sha256:c0502c0fadef0d23b128605d69b58edb2c681c25d44574fc673b0e52dce71ee2",
                "sha256:c38c71df845e2aabb7fb0b920d11a1b5ac8526005e533a8920aea97efb8ec6a4",
                "sha256:ce15b6d103daff8e9fee13cf7f0add05245a05d866e73926c358e871221eae87",
                "sha256:d3029c340cfbb3ac0a71798100ccc13b97dddf373a4ae56b6a72cf70dfd53bc8",
                "sha256:e512d8ef5ad7b898cdb2d8ee1cb09a8339e4f8be706d27eaa180c2f177248a10",
                "sha256:e8e5b509d5c2ff12f8418006d5a90e9436766133b564db0abaec92fd27fcee29",
                "sha256:ee54ff27bf0afaf4c3b3a62bcd016c12c3fdb4ec4f413391a90bd38bc3624605",
                "sha256:fa4537fb4a98fe8fde99626e4681cc644bdcf2a795038533f9f711513a862ae6",
                "sha256:fd45ff9293d9274c5008a2054ecef86a9bfe819a67c7be1afb65e69b405b3042"
            ],
            "version": "==2021.4.4"
        },
        "toml": {
            "hashes": [
                "sha256:806143ae5bfb6a3c6e736a764057db0e6a0e05e338b5630894a5f779cabb4f9b",
                "sha256:b3bda1d108d5dd99f4a20d24d9c348e91c4db7ab1b749200bded2f839ccbe68f"
            ],
            "markers": "python_version >= '2.6' and python_version not in '3.0, 3.1, 3.2, 3.3'",
            "version": "==0.10.2"
        }
    }
}
